{
    "_meta": {
        "hash": {
            "sha256": "20509f779e323c16b3faa47c21b316f66db55cbd9a79ce287643b540f4008cf0"
        },
        "pipfile-spec": 6,
        "requires": {
            "python_version": "3.7"
        },
        "sources": [
            {
                "name": "pypi",
                "url": "https://pypi.org/simple",
                "verify_ssl": true
            }
        ]
    },
    "default": {
        "pysimplegui": {
            "hashes": [
                "sha256:5d627396ca77c9146d21ad44b439c23e675b212eee1cfe56f3dde66c5215604d",
                "sha256:65a65a2bdcd947d343b4ef46c9704b920f8ff6f5bbe981475bb8dab26310d4cf"
            ],
            "index": "pypi",
            "version": "==4.18.0"
        }
    },
    "develop": {}
}
